
Microsoft Visual Studio Solution File, Format Version 12.00
# Visual Studio Version 16
VisualStudioVersion = 16.0.29102.190
MinimumVisualStudioVersion = 10.0.40219.1
Project("{9A19103F-16F7-4668-BE54-9A1E7A4F7556}") = "01.Variables", "Variables\01.Variables.csproj", "{2CDBF658-9D5B-4A00-A2F0-DFAF2294B63B}"
EndProject
Project("{9A19103F-16F7-4668-BE54-9A1E7A4F7556}") = "02.Interger data types", "Interger data types\02.Interger data types.csproj", "{9A92EADD-409A-4496-949D-D4F8ED882592}"
EndProject
Project("{FAE04EC0-301F-11D3-BF4B-00C04F79EFBC}") = "03.Floating point", "03.Floating point\03.Floating point.csproj", "{7D542513-4E93-4CED-8CE0-EA5C118BD9AA}"
EndProject
Global
	GlobalSection(SolutionConfigurationPlatforms) = preSolution
		Debug|Any CPU = Debug|Any CPU
		Release|Any CPU = Release|Any CPU
	EndGlobalSection
	GlobalSection(ProjectConfigurationPlatforms) = postSolution
		{2CDBF658-9D5B-4A00-A2F0-DFAF2294B63B}.Debug|Any CPU.ActiveCfg = Debug|Any CPU
		{2CDBF658-9D5B-4A00-A2F0-DFAF2294B63B}.Debug|Any CPU.Build.0 = Debug|Any CPU
		{2CDBF658-9D5B-4A00-A2F0-DFAF2294B63B}.Release|Any CPU.ActiveCfg = Release|Any CPU
		{2CDBF658-9D5B-4A00-A2F0-DFAF2294B63B}.Release|Any CPU.Build.0 = Release|Any CPU
		{9A92EADD-409A-4496-949D-D4F8ED882592}.Debug|Any CPU.ActiveCfg = Debug|Any CPU
		{9A92EADD-409A-4496-949D-D4F8ED882592}.Debug|Any CPU.Build.0 = Debug|Any CPU
		{9A92EADD-409A-4496-949D-D4F8ED882592}.Release|Any CPU.ActiveCfg = Release|Any CPU
		{9A92EADD-409A-4496-949D-D4F8ED882592}.Release|Any CPU.Build.0 = Release|Any CPU
		{7D542513-4E93-4CED-8CE0-EA5C118BD9AA}.Debug|Any CPU.ActiveCfg = Debug|Any CPU
		{7D542513-4E93-4CED-8CE0-EA5C118BD9AA}.Debug|Any CPU.Build.0 = Debug|Any CPU
		{7D542513-4E93-4CED-8CE0-EA5C118BD9AA}.Release|Any CPU.ActiveCfg = Release|Any CPU
		{7D542513-4E93-4CED-8CE0-EA5C118BD9AA}.Release|Any CPU.Build.0 = Release|Any CPU
	EndGlobalSection
	GlobalSection(SolutionProperties) = preSolution
		HideSolutionNode = FALSE
	EndGlobalSection
	GlobalSection(ExtensibilityGlobals) = postSolution
		SolutionGuid = {7468B821-C81A-4FB0-B368-B3C5003E8826}
	EndGlobalSection
EndGlobal
