
Microsoft Visual Studio Solution File, Format Version 12.00
# Visual Studio Version 16
VisualStudioVersion = 16.0.29102.190
MinimumVisualStudioVersion = 10.0.40219.1
Project("{9A19103F-16F7-4668-BE54-9A1E7A4F7556}") = "01.Variables", "Variables\01.Variables.csproj", "{2CDBF658-9D5B-4A00-A2F0-DFAF2294B63B}"
EndProject
Project("{9A19103F-16F7-4668-BE54-9A1E7A4F7556}") = "02.Interger data types", "Interger data types\02.Interger data types.csproj", "{9A92EADD-409A-4496-949D-D4F8ED882592}"
EndProject
Project("{FAE04EC0-301F-11D3-BF4B-00C04F79EFBC}") = "03.Floating point", "03.Floating point\03.Floating point.csproj", "{7D542513-4E93-4CED-8CE0-EA5C118BD9AA}"
EndProject
Project("{FAE04EC0-301F-11D3-BF4B-00C04F79EFBC}") = "04.Booleans", "04.Booleans\04.Booleans.csproj", "{43CC5B01-3C97-446D-A411-D98C188EFA3B}"
EndProject
Project("{FAE04EC0-301F-11D3-BF4B-00C04F79EFBC}") = "05.Characters", "05.Characters\05.Characters.csproj", "{D18B470A-2F0B-456E-A72D-F76DDE478232}"
EndProject
Project("{FAE04EC0-301F-11D3-BF4B-00C04F79EFBC}") = "06.Strings", "06.Strings\06.Strings.csproj", "{B1B10C1C-25EE-48D7-8A16-581B898B3842}"
EndProject
Project("{FAE04EC0-301F-11D3-BF4B-00C04F79EFBC}") = "07.Arrays", "07.Arrays\07.Arrays.csproj", "{8BE7317E-CCB3-45A1-885D-F2F2E2EC71AB}"
EndProject
Project("{FAE04EC0-301F-11D3-BF4B-00C04F79EFBC}") = "08.StringTricks", "08.StringTricks\08.StringTricks.csproj", "{89599EDF-6A24-4CB2-818B-56D70C092146}"
EndProject
Global
	GlobalSection(SolutionConfigurationPlatforms) = preSolution
		Debug|Any CPU = Debug|Any CPU
		Release|Any CPU = Release|Any CPU
	EndGlobalSection
	GlobalSection(ProjectConfigurationPlatforms) = postSolution
		{2CDBF658-9D5B-4A00-A2F0-DFAF2294B63B}.Debug|Any CPU.ActiveCfg = Debug|Any CPU
		{2CDBF658-9D5B-4A00-A2F0-DFAF2294B63B}.Debug|Any CPU.Build.0 = Debug|Any CPU
		{2CDBF658-9D5B-4A00-A2F0-DFAF2294B63B}.Release|Any CPU.ActiveCfg = Release|Any CPU
		{2CDBF658-9D5B-4A00-A2F0-DFAF2294B63B}.Release|Any CPU.Build.0 = Release|Any CPU
		{9A92EADD-409A-4496-949D-D4F8ED882592}.Debug|Any CPU.ActiveCfg = Debug|Any CPU
		{9A92EADD-409A-4496-949D-D4F8ED882592}.Debug|Any CPU.Build.0 = Debug|Any CPU
		{9A92EADD-409A-4496-949D-D4F8ED882592}.Release|Any CPU.ActiveCfg = Release|Any CPU
		{9A92EADD-409A-4496-949D-D4F8ED882592}.Release|Any CPU.Build.0 = Release|Any CPU
		{7D542513-4E93-4CED-8CE0-EA5C118BD9AA}.Debug|Any CPU.ActiveCfg = Debug|Any CPU
		{7D542513-4E93-4CED-8CE0-EA5C118BD9AA}.Debug|Any CPU.Build.0 = Debug|Any CPU
		{7D542513-4E93-4CED-8CE0-EA5C118BD9AA}.Release|Any CPU.ActiveCfg = Release|Any CPU
		{7D542513-4E93-4CED-8CE0-EA5C118BD9AA}.Release|Any CPU.Build.0 = Release|Any CPU
		{43CC5B01-3C97-446D-A411-D98C188EFA3B}.Debug|Any CPU.ActiveCfg = Debug|Any CPU
		{43CC5B01-3C97-446D-A411-D98C188EFA3B}.Debug|Any CPU.Build.0 = Debug|Any CPU
		{43CC5B01-3C97-446D-A411-D98C188EFA3B}.Release|Any CPU.ActiveCfg = Release|Any CPU
		{43CC5B01-3C97-446D-A411-D98C188EFA3B}.Release|Any CPU.Build.0 = Release|Any CPU
		{D18B470A-2F0B-456E-A72D-F76DDE478232}.Debug|Any CPU.ActiveCfg = Debug|Any CPU
		{D18B470A-2F0B-456E-A72D-F76DDE478232}.Debug|Any CPU.Build.0 = Debug|Any CPU
		{D18B470A-2F0B-456E-A72D-F76DDE478232}.Release|Any CPU.ActiveCfg = Release|Any CPU
		{D18B470A-2F0B-456E-A72D-F76DDE478232}.Release|Any CPU.Build.0 = Release|Any CPU
		{B1B10C1C-25EE-48D7-8A16-581B898B3842}.Debug|Any CPU.ActiveCfg = Debug|Any CPU
		{B1B10C1C-25EE-48D7-8A16-581B898B3842}.Debug|Any CPU.Build.0 = Debug|Any CPU
		{B1B10C1C-25EE-48D7-8A16-581B898B3842}.Release|Any CPU.ActiveCfg = Release|Any CPU
		{B1B10C1C-25EE-48D7-8A16-581B898B3842}.Release|Any CPU.Build.0 = Release|Any CPU
		{8BE7317E-CCB3-45A1-885D-F2F2E2EC71AB}.Debug|Any CPU.ActiveCfg = Debug|Any CPU
		{8BE7317E-CCB3-45A1-885D-F2F2E2EC71AB}.Debug|Any CPU.Build.0 = Debug|Any CPU
		{8BE7317E-CCB3-45A1-885D-F2F2E2EC71AB}.Release|Any CPU.ActiveCfg = Release|Any CPU
		{8BE7317E-CCB3-45A1-885D-F2F2E2EC71AB}.Release|Any CPU.Build.0 = Release|Any CPU
		{89599EDF-6A24-4CB2-818B-56D70C092146}.Debug|Any CPU.ActiveCfg = Debug|Any CPU
		{89599EDF-6A24-4CB2-818B-56D70C092146}.Debug|Any CPU.Build.0 = Debug|Any CPU
		{89599EDF-6A24-4CB2-818B-56D70C092146}.Release|Any CPU.ActiveCfg = Release|Any CPU
		{89599EDF-6A24-4CB2-818B-56D70C092146}.Release|Any CPU.Build.0 = Release|Any CPU
	EndGlobalSection
	GlobalSection(SolutionProperties) = preSolution
		HideSolutionNode = FALSE
	EndGlobalSection
	GlobalSection(ExtensibilityGlobals) = postSolution
		SolutionGuid = {7468B821-C81A-4FB0-B368-B3C5003E8826}
	EndGlobalSection
EndGlobal
